
Microsoft Visual Studio Solution File, Format Version 12.00
# Visual Studio Version 16
VisualStudioVersion = 25.0.1704.0
MinimumVisualStudioVersion = 10.0.40219.1
Project("{FAE04EC0-301F-11D3-BF4B-00C04F79EFBC}") = "LensDotNet", "src\LensDotNet\LensDotNet.csproj", "{8EBD0BB8-523B-4D93-897C-C8B2E3DCAC6A}"
EndProject
Project("{FAE04EC0-301F-11D3-BF4B-00C04F79EFBC}") = "Scaffolding", "..\GraphQLinq\src\GraphQLinq.Scaffolding\Scaffolding.csproj", "{FDCC5B10-FD04-4221-BF88-85F1B8246638}"
EndProject
Project("{2150E333-8FDC-42A3-9474-1A3956D46DE8}") = "LensDotNet", "LensDotNet", "{22719748-676D-4104-9E88-7507AA87C3FC}"
EndProject
Project("{2150E333-8FDC-42A3-9474-1A3956D46DE8}") = "Solution Items", "Solution Items", "{C054FA41-0005-43FD-927D-0FAA1C239694}"
EndProject
Project("{2150E333-8FDC-42A3-9474-1A3956D46DE8}") = "LetsDotNet.Core", "LetsDotNet.Core", "{71306C0E-B214-46C5-BCBE-31AC8C6FB413}"
EndProject
Project("{FAE04EC0-301F-11D3-BF4B-00C04F79EFBC}") = "LensDotNet.Core", "src\LensDotNet.Core\LensDotNet.Core.csproj", "{75792B30-0FA7-40F3-A52F-29E9CBF00ACC}"
EndProject
Project("{FAE04EC0-301F-11D3-BF4B-00C04F79EFBC}") = "LensDotNet.CoreTests", "src\LensDotNet.CoreTests\LensDotNet.CoreTests.csproj", "{54BFDBA4-8AFD-4262-A9C5-BF9AE1C505BA}"
EndProject
Project("{FAE04EC0-301F-11D3-BF4B-00C04F79EFBC}") = "LensDotNet.Tests", "src\LensDotNet.Tests\LensDotNet.Tests.csproj", "{309F61E1-6087-4DCB-8C52-24ACCE7AEA2E}"
EndProject
Global
	GlobalSection(SolutionConfigurationPlatforms) = preSolution
		Debug|Any CPU = Debug|Any CPU
		Release|Any CPU = Release|Any CPU
	EndGlobalSection
	GlobalSection(ProjectConfigurationPlatforms) = postSolution
		{8EBD0BB8-523B-4D93-897C-C8B2E3DCAC6A}.Debug|Any CPU.ActiveCfg = Debug|Any CPU
		{8EBD0BB8-523B-4D93-897C-C8B2E3DCAC6A}.Debug|Any CPU.Build.0 = Debug|Any CPU
		{8EBD0BB8-523B-4D93-897C-C8B2E3DCAC6A}.Release|Any CPU.ActiveCfg = Release|Any CPU
		{8EBD0BB8-523B-4D93-897C-C8B2E3DCAC6A}.Release|Any CPU.Build.0 = Release|Any CPU
		{CECC4F80-D4FE-4E2C-A40D-1759ABD76DE2}.Debug|Any CPU.ActiveCfg = Debug|Any CPU
		{CECC4F80-D4FE-4E2C-A40D-1759ABD76DE2}.Debug|Any CPU.Build.0 = Debug|Any CPU
		{CECC4F80-D4FE-4E2C-A40D-1759ABD76DE2}.Release|Any CPU.ActiveCfg = Release|Any CPU
		{CECC4F80-D4FE-4E2C-A40D-1759ABD76DE2}.Release|Any CPU.Build.0 = Release|Any CPU
		{FDCC5B10-FD04-4221-BF88-85F1B8246638}.Debug|Any CPU.ActiveCfg = Debug|Any CPU
		{FDCC5B10-FD04-4221-BF88-85F1B8246638}.Debug|Any CPU.Build.0 = Debug|Any CPU
		{FDCC5B10-FD04-4221-BF88-85F1B8246638}.Release|Any CPU.ActiveCfg = Release|Any CPU
		{FDCC5B10-FD04-4221-BF88-85F1B8246638}.Release|Any CPU.Build.0 = Release|Any CPU
		{2D7F2662-99A7-4E40-87D4-6A69FA848FD1}.Debug|Any CPU.ActiveCfg = Debug|Any CPU
		{2D7F2662-99A7-4E40-87D4-6A69FA848FD1}.Debug|Any CPU.Build.0 = Debug|Any CPU
		{2D7F2662-99A7-4E40-87D4-6A69FA848FD1}.Release|Any CPU.ActiveCfg = Release|Any CPU
		{2D7F2662-99A7-4E40-87D4-6A69FA848FD1}.Release|Any CPU.Build.0 = Release|Any CPU
		{06C15862-A479-465A-8929-D59A284B8448}.Debug|Any CPU.ActiveCfg = Debug|Any CPU
		{06C15862-A479-465A-8929-D59A284B8448}.Debug|Any CPU.Build.0 = Debug|Any CPU
		{06C15862-A479-465A-8929-D59A284B8448}.Release|Any CPU.ActiveCfg = Release|Any CPU
		{06C15862-A479-465A-8929-D59A284B8448}.Release|Any CPU.Build.0 = Release|Any CPU
		{2D68D883-B26B-442C-9F4E-AB60E1468F11}.Debug|Any CPU.ActiveCfg = Debug|Any CPU
		{2D68D883-B26B-442C-9F4E-AB60E1468F11}.Debug|Any CPU.Build.0 = Debug|Any CPU
		{2D68D883-B26B-442C-9F4E-AB60E1468F11}.Release|Any CPU.ActiveCfg = Release|Any CPU
		{2D68D883-B26B-442C-9F4E-AB60E1468F11}.Release|Any CPU.Build.0 = Release|Any CPU
		{75792B30-0FA7-40F3-A52F-29E9CBF00ACC}.Debug|Any CPU.ActiveCfg = Debug|Any CPU
		{75792B30-0FA7-40F3-A52F-29E9CBF00ACC}.Debug|Any CPU.Build.0 = Debug|Any CPU
		{75792B30-0FA7-40F3-A52F-29E9CBF00ACC}.Release|Any CPU.ActiveCfg = Release|Any CPU
		{75792B30-0FA7-40F3-A52F-29E9CBF00ACC}.Release|Any CPU.Build.0 = Release|Any CPU
		{54BFDBA4-8AFD-4262-A9C5-BF9AE1C505BA}.Debug|Any CPU.ActiveCfg = Debug|Any CPU
		{54BFDBA4-8AFD-4262-A9C5-BF9AE1C505BA}.Debug|Any CPU.Build.0 = Debug|Any CPU
		{54BFDBA4-8AFD-4262-A9C5-BF9AE1C505BA}.Release|Any CPU.ActiveCfg = Release|Any CPU
		{54BFDBA4-8AFD-4262-A9C5-BF9AE1C505BA}.Release|Any CPU.Build.0 = Release|Any CPU
		{309F61E1-6087-4DCB-8C52-24ACCE7AEA2E}.Debug|Any CPU.ActiveCfg = Debug|Any CPU
		{309F61E1-6087-4DCB-8C52-24ACCE7AEA2E}.Debug|Any CPU.Build.0 = Debug|Any CPU
		{309F61E1-6087-4DCB-8C52-24ACCE7AEA2E}.Release|Any CPU.ActiveCfg = Release|Any CPU
		{309F61E1-6087-4DCB-8C52-24ACCE7AEA2E}.Release|Any CPU.Build.0 = Release|Any CPU
	EndGlobalSection
	GlobalSection(SolutionProperties) = preSolution
		HideSolutionNode = FALSE
	EndGlobalSection
	GlobalSection(ExtensibilityGlobals) = postSolution
		SolutionGuid = {83DD8FFC-82B4-435F-AD39-9A93589C732B}
	EndGlobalSection
	GlobalSection(NestedProjects) = preSolution
		{8EBD0BB8-523B-4D93-897C-C8B2E3DCAC6A} = {22719748-676D-4104-9E88-7507AA87C3FC}
		{CECC4F80-D4FE-4E2C-A40D-1759ABD76DE2} = {22719748-676D-4104-9E88-7507AA87C3FC}
		{06C15862-A479-465A-8929-D59A284B8448} = {71306C0E-B214-46C5-BCBE-31AC8C6FB413}
		{2D68D883-B26B-442C-9F4E-AB60E1468F11} = {71306C0E-B214-46C5-BCBE-31AC8C6FB413}
		{75792B30-0FA7-40F3-A52F-29E9CBF00ACC} = {71306C0E-B214-46C5-BCBE-31AC8C6FB413}
		{54BFDBA4-8AFD-4262-A9C5-BF9AE1C505BA} = {71306C0E-B214-46C5-BCBE-31AC8C6FB413}
		{309F61E1-6087-4DCB-8C52-24ACCE7AEA2E} = {22719748-676D-4104-9E88-7507AA87C3FC}
	EndGlobalSection
EndGlobal
